{
  "requires": true,
  "lockfileVersion": 1,
  "dependencies": {
    "ansi-regex": {
      "version": "3.0.1",
      "resolved": "http://registry.m.jd.com/ansi-regex/download/ansi-regex-3.0.1.tgz",
      "integrity": "sha1-Ej1keekq1FrYl9QFTjx8p9tJROE="
    },
    "ansi-styles": {
      "version": "4.3.0",
      "resolved": "http://registry.m.jd.com/ansi-styles/download/ansi-styles-4.3.0.tgz",
      "integrity": "sha1-7dgDYornHATIWuegkG7a00tkiTc=",
      "requires": {
        "color-convert": "^2.0.1"
      }
    },
    "asynckit": {
      "version": "0.4.0",
      "resolved": "http://registry.m.jd.com/asynckit/download/asynckit-0.4.0.tgz",
      "integrity": "sha1-x57Zf380y48robyXkLzDZkdLS3k="
    },
    "axios": {
      "version": "0.27.2",
      "resolved": "http://registry.m.jd.com/axios/download/axios-0.27.2.tgz",
      "integrity": "sha1-IHZYzIYhYG5YbIXbS0GnUOdW2XI=",
      "requires": {
        "follow-redirects": "^1.14.9",
        "form-data": "^4.0.0"
      }
    },
    "camelcase": {
      "version": "5.3.1",
      "resolved": "http://registry.m.jd.com/camelcase/download/camelcase-5.3.1.tgz",
      "integrity": "sha1-48mzFWnhBoEd8kL3FXJaH0xJQyA="
    },
    "cliui": {
      "version": "6.0.0",
      "resolved": "http://registry.m.jd.com/cliui/download/cliui-6.0.0.tgz",
      "integrity": "sha1-UR1wLAxOQcoVbX0OlgIfI+EyJbE=",
      "requires": {
        "string-width": "^4.2.0",
        "strip-ansi": "^6.0.0",
        "wrap-ansi": "^6.2.0"
      },
      "dependencies": {
        "ansi-regex": {
          "version": "5.0.1",
          "resolved": "http://registry.m.jd.com/ansi-regex/download/ansi-regex-5.0.1.tgz",
          "integrity": "sha1-CCyyyJyf6GWaMRpTvWpNxTAdswQ="
        },
        "is-fullwidth-code-point": {
          "version": "3.0.0",
          "resolved": "http://registry.m.jd.com/is-fullwidth-code-point/download/is-fullwidth-code-point-3.0.0.tgz",
          "integrity": "sha1-8Rb4Bk/pCz94RKOJl8C3UFEmnx0="
        },
        "string-width": {
          "version": "4.2.3",
          "resolved": "http://registry.m.jd.com/string-width/download/string-width-4.2.3.tgz",
          "integrity": "sha1-JpxxF9J7Ba0uU2gwqOyJXvnG0BA=",
          "requires": {
            "emoji-regex": "^8.0.0",
            "is-fullwidth-code-point": "^3.0.0",
            "strip-ansi": "^6.0.1"
          }
        },
        "strip-ansi": {
          "version": "6.0.1",
          "resolved": "http://registry.m.jd.com/strip-ansi/download/strip-ansi-6.0.1.tgz",
          "integrity": "sha1-nibGPTD1NEPpSJSVshBdN7Z6hdk=",
          "requires": {
            "ansi-regex": "^5.0.1"
          }
        }
      }
    },
    "color-convert": {
      "version": "2.0.1",
      "resolved": "http://registry.m.jd.com/color-convert/download/color-convert-2.0.1.tgz",
      "integrity": "sha1-ctOmjVmMm9s68q0ehPIdiWq9TeM=",
      "requires": {
        "color-name": "~1.1.4"
      }
    },
    "color-name": {
      "version": "1.1.4",
      "resolved": "http://registry.m.jd.com/color-name/download/color-name-1.1.4.tgz",
      "integrity": "sha1-wqCah6y95pVD3m9j+jmVyCbFNqI="
    },
    "combined-stream": {
      "version": "1.0.8",
      "resolved": "http://registry.m.jd.com/combined-stream/download/combined-stream-1.0.8.tgz",
      "integrity": "sha1-w9RaizT9cwYxoRCoolIGgrMdWn8=",
      "requires": {
        "delayed-stream": "~1.0.0"
      }
    },
    "console": {
      "version": "0.7.2",
      "resolved": "http://registry.m.jd.com/console/download/console-0.7.2.tgz",
      "integrity": "sha1-+aQzEkkpFZG3v5v/qOIFNW8gqfA="
    },
    "cowsay": {
      "version": "1.5.0",
      "resolved": "http://registry.m.jd.com/cowsay/download/cowsay-1.5.0.tgz",
      "integrity": "sha1-SipFO4tZODx9elDkTXZcXeC/YV8=",
      "requires": {
        "get-stdin": "8.0.0",
        "string-width": "~2.1.1",
        "strip-final-newline": "2.0.0",
        "yargs": "15.4.1"
      }
    },
    "decamelize": {
      "version": "1.2.0",
      "resolved": "http://registry.m.jd.com/decamelize/download/decamelize-1.2.0.tgz",
      "integrity": "sha1-9lNNFRSCabIDUue+4m9QH5oZEpA="
    },
    "delayed-stream": {
      "version": "1.0.0",
      "resolved": "http://registry.m.jd.com/delayed-stream/download/delayed-stream-1.0.0.tgz",
      "integrity": "sha1-3zrhmayt+31ECqrgsp4icrJOxhk="
    },
    "emoji-regex": {
      "version": "8.0.0",
      "resolved": "http://registry.m.jd.com/emoji-regex/download/emoji-regex-8.0.0.tgz",
      "integrity": "sha1-6Bj9ac5cz8tARZT4QpY79TFkzDc="
    },
    "find-up": {
      "version": "4.1.0",
      "resolved": "http://registry.m.jd.com/find-up/download/find-up-4.1.0.tgz",
      "integrity": "sha1-l6/n1s3AvFkoWEt8jXsW6KmqXRk=",
      "requires": {
        "locate-path": "^5.0.0",
        "path-exists": "^4.0.0"
      }
    },
    "follow-redirects": {
      "version": "1.15.1",
      "resolved": "http://registry.m.jd.com/follow-redirects/download/follow-redirects-1.15.1.tgz",
      "integrity": "sha1-DKakUjBsmyduTTEnSD4pV14getU="
    },
    "form-data": {
      "version": "4.0.0",
      "resolved": "http://registry.m.jd.com/form-data/download/form-data-4.0.0.tgz",
      "integrity": "sha1-k5Gdrq82HuUpWEubMWZNwSyfpFI=",
      "requires": {
        "asynckit": "^0.4.0",
        "combined-stream": "^1.0.8",
        "mime-types": "^2.1.12"
      }
    },
    "fs": {
      "version": "0.0.1-security",
      "resolved": "http://registry.m.jd.com/fs/download/fs-0.0.1-security.tgz",
      "integrity": "sha1-invTcYa23d84E/I4WLV+yq9eQdQ="
    },
    "get-caller-file": {
      "version": "2.0.5",
      "resolved": "http://registry.m.jd.com/get-caller-file/download/get-caller-file-2.0.5.tgz",
      "integrity": "sha1-T5RBKoLbMvNuOwuXQfipf+sDH34="
    },
    "get-stdin": {
      "version": "8.0.0",
      "resolved": "http://registry.m.jd.com/get-stdin/download/get-stdin-8.0.0.tgz",
      "integrity": "sha1-y61qc/63X27rIrqeAfiaooqpelM="
    },
    "https": {
      "version": "1.0.0",
      "resolved": "http://registry.m.jd.com/https/download/https-1.0.0.tgz",
      "integrity": "sha1-PDfHrhqO65ZpBKKtHpdaGUt+06Q="
    },
    "is-fullwidth-code-point": {
      "version": "2.0.0",
      "resolved": "http://registry.m.jd.com/is-fullwidth-code-point/download/is-fullwidth-code-point-2.0.0.tgz",
      "integrity": "sha1-o7MKXE8ZkYMWeqq5O+764937ZU8="
    },
    "locate-path": {
      "version": "5.0.0",
      "resolved": "http://registry.m.jd.com/locate-path/download/locate-path-5.0.0.tgz",
      "integrity": "sha1-Gvujlq/WdqbUJQTQpno6frn2KqA=",
      "requires": {
        "p-locate": "^4.1.0"
      }
    },
    "mime-db": {
      "version": "1.52.0",
      "resolved": "http://registry.m.jd.com/mime-db/download/mime-db-1.52.0.tgz",
      "integrity": "sha1-u6vNwChZ9JhzAchW4zh85exDv3A="
    },
    "mime-types": {
      "version": "2.1.35",
      "resolved": "http://registry.m.jd.com/mime-types/download/mime-types-2.1.35.tgz",
      "integrity": "sha1-OBqHG2KnNEUGYK497uRIE/cNlZo=",
      "requires": {
        "mime-db": "1.52.0"
      }
    },
    "p-limit": {
      "version": "2.3.0",
      "resolved": "http://registry.m.jd.com/p-limit/download/p-limit-2.3.0.tgz",
      "integrity": "sha1-PdM8ZHohT9//2DWTPrCG2g3CHbE=",
      "requires": {
        "p-try": "^2.0.0"
      }
    },
    "p-locate": {
      "version": "4.1.0",
      "resolved": "http://registry.m.jd.com/p-locate/download/p-locate-4.1.0.tgz",
      "integrity": "sha1-o0KLtwiLOmApL2aRkni3wpetTwc=",
      "requires": {
        "p-limit": "^2.2.0"
      }
    },
    "p-try": {
      "version": "2.2.0",
      "resolved": "http://registry.m.jd.com/p-try/download/p-try-2.2.0.tgz",
      "integrity": "sha1-yyhoVA4xPWHeWPr741zpAE1VQOY="
    },
    "path-exists": {
      "version": "4.0.0",
      "resolved": "http://registry.m.jd.com/path-exists/download/path-exists-4.0.0.tgz",
      "integrity": "sha1-UTvb4tO5XXdi6METfvoZXGxhtbM="
    },
    "require-directory": {
      "version": "2.1.1",
      "resolved": "http://registry.m.jd.com/require-directory/download/require-directory-2.1.1.tgz",
      "integrity": "sha1-jGStX9MNqxyXbiNE/+f3kqam30I="
    },
    "require-main-filename": {
      "version": "2.0.0",
      "resolved": "http://registry.m.jd.com/require-main-filename/download/require-main-filename-2.0.0.tgz",
      "integrity": "sha1-0LMp7MfMD2Fkn2IhW+aa9UqomJs="
    },
    "set-blocking": {
      "version": "2.0.0",
      "resolved": "http://registry.m.jd.com/set-blocking/download/set-blocking-2.0.0.tgz",
      "integrity": "sha1-BF+XgtARrppoA93TgrJDkrPYkPc="
    },
    "string-width": {
      "version": "2.1.1",
      "resolved": "http://registry.m.jd.com/string-width/download/string-width-2.1.1.tgz",
      "integrity": "sha1-q5Pyeo3BPSjKyBXEYhQ6bZASrp4=",
      "requires": {
        "is-fullwidth-code-point": "^2.0.0",
        "strip-ansi": "^4.0.0"
      }
    },
    "strip-ansi": {
      "version": "4.0.0",
      "resolved": "http://registry.m.jd.com/strip-ansi/download/strip-ansi-4.0.0.tgz",
      "integrity": "sha1-qEeQIusaw2iocTibY1JixQXuNo8=",
      "requires": {
        "ansi-regex": "^3.0.0"
      }
    },
    "strip-final-newline": {
      "version": "2.0.0",
      "resolved": "http://registry.m.jd.com/strip-final-newline/download/strip-final-newline-2.0.0.tgz",
      "integrity": "sha1-ibhS+y/L6Tb29LMYevsKEsGrWK0="
    },
    "which-module": {
      "version": "2.0.0",
      "resolved": "http://registry.m.jd.com/which-module/download/which-module-2.0.0.tgz",
      "integrity": "sha1-2e8H3Od7mQK4o6j6SzHD4/fm6Ho="
    },
    "wrap-ansi": {
      "version": "6.2.0",
      "resolved": "http://registry.m.jd.com/wrap-ansi/download/wrap-ansi-6.2.0.tgz",
      "integrity": "sha1-6Tk7oHEC5skaOyIUePAlfNKFblM=",
      "requires": {
        "ansi-styles": "^4.0.0",
        "string-width": "^4.1.0",
        "strip-ansi": "^6.0.0"
      },
      "dependencies": {
        "ansi-regex": {
          "version": "5.0.1",
          "resolved": "http://registry.m.jd.com/ansi-regex/download/ansi-regex-5.0.1.tgz",
          "integrity": "sha1-CCyyyJyf6GWaMRpTvWpNxTAdswQ="
        },
        "is-fullwidth-code-point": {
          "version": "3.0.0",
          "resolved": "http://registry.m.jd.com/is-fullwidth-code-point/download/is-fullwidth-code-point-3.0.0.tgz",
          "integrity": "sha1-8Rb4Bk/pCz94RKOJl8C3UFEmnx0="
        },
        "string-width": {
          "version": "4.2.3",
          "resolved": "http://registry.m.jd.com/string-width/download/string-width-4.2.3.tgz",
          "integrity": "sha1-JpxxF9J7Ba0uU2gwqOyJXvnG0BA=",
          "requires": {
            "emoji-regex": "^8.0.0",
            "is-fullwidth-code-point": "^3.0.0",
            "strip-ansi": "^6.0.1"
          }
        },
        "strip-ansi": {
          "version": "6.0.1",
          "resolved": "http://registry.m.jd.com/strip-ansi/download/strip-ansi-6.0.1.tgz",
          "integrity": "sha1-nibGPTD1NEPpSJSVshBdN7Z6hdk=",
          "requires": {
            "ansi-regex": "^5.0.1"
          }
        }
      }
    },
    "y18n": {
      "version": "4.0.3",
      "resolved": "http://registry.m.jd.com/y18n/download/y18n-4.0.3.tgz",
      "integrity": "sha1-tfJZyCzW4zaSHv17/Yv1YN6e7t8="
    },
    "yargs": {
      "version": "15.4.1",
      "resolved": "http://registry.m.jd.com/yargs/download/yargs-15.4.1.tgz",
      "integrity": "sha1-DYehbeAa7p2L7Cv7909nhRcw9Pg=",
      "requires": {
        "cliui": "^6.0.0",
        "decamelize": "^1.2.0",
        "find-up": "^4.1.0",
        "get-caller-file": "^2.0.1",
        "require-directory": "^2.1.1",
        "require-main-filename": "^2.0.0",
        "set-blocking": "^2.0.0",
        "string-width": "^4.2.0",
        "which-module": "^2.0.0",
        "y18n": "^4.0.0",
        "yargs-parser": "^18.1.2"
      },
      "dependencies": {
        "ansi-regex": {
          "version": "5.0.1",
          "resolved": "http://registry.m.jd.com/ansi-regex/download/ansi-regex-5.0.1.tgz",
          "integrity": "sha1-CCyyyJyf6GWaMRpTvWpNxTAdswQ="
        },
        "is-fullwidth-code-point": {
          "version": "3.0.0",
          "resolved": "http://registry.m.jd.com/is-fullwidth-code-point/download/is-fullwidth-code-point-3.0.0.tgz",
          "integrity": "sha1-8Rb4Bk/pCz94RKOJl8C3UFEmnx0="
        },
        "string-width": {
          "version": "4.2.3",
          "resolved": "http://registry.m.jd.com/string-width/download/string-width-4.2.3.tgz",
          "integrity": "sha1-JpxxF9J7Ba0uU2gwqOyJXvnG0BA=",
          "requires": {
            "emoji-regex": "^8.0.0",
            "is-fullwidth-code-point": "^3.0.0",
            "strip-ansi": "^6.0.1"
          }
        },
        "strip-ansi": {
          "version": "6.0.1",
          "resolved": "http://registry.m.jd.com/strip-ansi/download/strip-ansi-6.0.1.tgz",
          "integrity": "sha1-nibGPTD1NEPpSJSVshBdN7Z6hdk=",
          "requires": {
            "ansi-regex": "^5.0.1"
          }
        }
      }
    },
    "yargs-parser": {
      "version": "18.1.3",
      "resolved": "http://registry.m.jd.com/yargs-parser/download/yargs-parser-18.1.3.tgz",
      "integrity": "sha1-vmjEl1xrKr9GkjawyHA2L6sJp7A=",
      "requires": {
        "camelcase": "^5.0.0",
        "decamelize": "^1.2.0"
      }
    }
  }
}
